
Microsoft Visual Studio Solution File, Format Version 12.00
# Visual Studio 15
VisualStudioVersion = 15.0.28307.902
MinimumVisualStudioVersion = 10.0.40219.1
Project("{FAE04EC0-301F-11D3-BF4B-00C04F79EFBC}") = "RemoveToolbarsAndRibbons", "RemoveToolbarsAndRibbons.csproj", "{96D1C61C-5152-446C-83C4-C8938CD4B274}"
EndProject
Global
	GlobalSection(SolutionConfigurationPlatforms) = preSolution
		Debug|Any CPU = Debug|Any CPU
		Release|Any CPU = Release|Any CPU
	EndGlobalSection
	GlobalSection(ProjectConfigurationPlatforms) = postSolution
		{96D1C61C-5152-446C-83C4-C8938CD4B274}.Debug|Any CPU.ActiveCfg = Debug|Any CPU
		{96D1C61C-5152-446C-83C4-C8938CD4B274}.Debug|Any CPU.Build.0 = Debug|Any CPU
		{96D1C61C-5152-446C-83C4-C8938CD4B274}.Release|Any CPU.ActiveCfg = Release|Any CPU
		{96D1C61C-5152-446C-83C4-C8938CD4B274}.Release|Any CPU.Build.0 = Release|Any CPU
	EndGlobalSection
	GlobalSection(SolutionProperties) = preSolution
		HideSolutionNode = FALSE
	EndGlobalSection
	GlobalSection(ExtensibilityGlobals) = postSolution
		SolutionGuid = {57274FD7-4115-4330-99E3-FEE1A7603CA9}
	EndGlobalSection
EndGlobal
