
Microsoft Visual Studio Solution File, Format Version 12.00
# Visual Studio 15
VisualStudioVersion = 15.0.28307.902
MinimumVisualStudioVersion = 10.0.40219.1
Project("{FAE04EC0-301F-11D3-BF4B-00C04F79EFBC}") = "CustomUILibrary", "CustomUILibrary.csproj", "{FBC62079-4479-4A88-9764-C4736762B26A}"
EndProject
Global
	GlobalSection(SolutionConfigurationPlatforms) = preSolution
		Debug|Any CPU = Debug|Any CPU
		Release|Any CPU = Release|Any CPU
	EndGlobalSection
	GlobalSection(ProjectConfigurationPlatforms) = postSolution
		{FBC62079-4479-4A88-9764-C4736762B26A}.Debug|Any CPU.ActiveCfg = Debug|Any CPU
		{FBC62079-4479-4A88-9764-C4736762B26A}.Debug|Any CPU.Build.0 = Debug|Any CPU
		{FBC62079-4479-4A88-9764-C4736762B26A}.Release|Any CPU.ActiveCfg = Release|Any CPU
		{FBC62079-4479-4A88-9764-C4736762B26A}.Release|Any CPU.Build.0 = Release|Any CPU
	EndGlobalSection
	GlobalSection(SolutionProperties) = preSolution
		HideSolutionNode = FALSE
	EndGlobalSection
	GlobalSection(ExtensibilityGlobals) = postSolution
		SolutionGuid = {6DC1954E-4775-478F-922B-1CA14B91867F}
	EndGlobalSection
EndGlobal
